
Microsoft Visual Studio Solution File, Format Version 12.00
# Visual Studio 15
VisualStudioVersion = 15.0.28307.705
MinimumVisualStudioVersion = 10.0.40219.1
Project("{9A19103F-16F7-4668-BE54-9A1E7A4F7556}") = "HealthCheckSample1", "HealthCheckSample1\HealthCheckSample1.csproj", "{B70C885A-E1E6-42DE-B476-4F82C3804AC0}"
EndProject
Project("{FAE04EC0-301F-11D3-BF4B-00C04F79EFBC}") = "HealthCheck", "HealthCheck\HealthCheck.csproj", "{1DF9DD1D-2137-4615-A2BB-75367451CB37}"
EndProject
Project("{FAE04EC0-301F-11D3-BF4B-00C04F79EFBC}") = "HealthCheckSample2", "HealthCheckSample2\HealthCheckSample2.csproj", "{EF7DBA57-7735-448C-A75F-86B54F6C0668}"
EndProject
Global
	GlobalSection(SolutionConfigurationPlatforms) = preSolution
		Debug|Any CPU = Debug|Any CPU
		Release|Any CPU = Release|Any CPU
	EndGlobalSection
	GlobalSection(ProjectConfigurationPlatforms) = postSolution
		{B70C885A-E1E6-42DE-B476-4F82C3804AC0}.Debug|Any CPU.ActiveCfg = Debug|Any CPU
		{B70C885A-E1E6-42DE-B476-4F82C3804AC0}.Debug|Any CPU.Build.0 = Debug|Any CPU
		{B70C885A-E1E6-42DE-B476-4F82C3804AC0}.Release|Any CPU.ActiveCfg = Release|Any CPU
		{B70C885A-E1E6-42DE-B476-4F82C3804AC0}.Release|Any CPU.Build.0 = Release|Any CPU
		{1DF9DD1D-2137-4615-A2BB-75367451CB37}.Debug|Any CPU.ActiveCfg = Debug|Any CPU
		{1DF9DD1D-2137-4615-A2BB-75367451CB37}.Debug|Any CPU.Build.0 = Debug|Any CPU
		{1DF9DD1D-2137-4615-A2BB-75367451CB37}.Release|Any CPU.ActiveCfg = Release|Any CPU
		{1DF9DD1D-2137-4615-A2BB-75367451CB37}.Release|Any CPU.Build.0 = Release|Any CPU
		{EF7DBA57-7735-448C-A75F-86B54F6C0668}.Debug|Any CPU.ActiveCfg = Debug|Any CPU
		{EF7DBA57-7735-448C-A75F-86B54F6C0668}.Debug|Any CPU.Build.0 = Debug|Any CPU
		{EF7DBA57-7735-448C-A75F-86B54F6C0668}.Release|Any CPU.ActiveCfg = Release|Any CPU
		{EF7DBA57-7735-448C-A75F-86B54F6C0668}.Release|Any CPU.Build.0 = Release|Any CPU
	EndGlobalSection
	GlobalSection(SolutionProperties) = preSolution
		HideSolutionNode = FALSE
	EndGlobalSection
	GlobalSection(ExtensibilityGlobals) = postSolution
		SolutionGuid = {A2B43B5D-4379-4E0F-AE99-CDA315786B8E}
	EndGlobalSection
EndGlobal
